
Microsoft Visual Studio Solution File, Format Version 12.00
# Visual Studio Version 17
VisualStudioVersion = 17.6.33723.286
MinimumVisualStudioVersion = 10.0.40219.1
Project("{9A19103F-16F7-4668-BE54-9A1E7A4F7556}") = "Transpire", "Transpire\Transpire.csproj", "{C138722B-0D2F-4857-89F9-DE7309E98433}"
EndProject
Project("{2150E333-8FDC-42A3-9474-1A3956D46DE8}") = "Solution Items", "Solution Items", "{5B4E8E4D-3DC8-4AE5-9DFF-76BDD72ACBB2}"
	ProjectSection(SolutionItems) = preProject
		Directory.Build.props = Directory.Build.props
		Directory.Packages.props = Directory.Packages.props
	EndProjectSection
EndProject
Project("{9A19103F-16F7-4668-BE54-9A1E7A4F7556}") = "Transpire.Scenarios", "Transpire.Scenarios\Transpire.Scenarios.csproj", "{40AD04C0-3C0E-402D-9306-E0F60E37678F}"
EndProject
Global
	GlobalSection(SolutionConfigurationPlatforms) = preSolution
		Debug|Any CPU = Debug|Any CPU
		Release|Any CPU = Release|Any CPU
	EndGlobalSection
	GlobalSection(ProjectConfigurationPlatforms) = postSolution
		{C138722B-0D2F-4857-89F9-DE7309E98433}.Debug|Any CPU.ActiveCfg = Debug|Any CPU
		{C138722B-0D2F-4857-89F9-DE7309E98433}.Debug|Any CPU.Build.0 = Debug|Any CPU
		{C138722B-0D2F-4857-89F9-DE7309E98433}.Release|Any CPU.ActiveCfg = Release|Any CPU
		{C138722B-0D2F-4857-89F9-DE7309E98433}.Release|Any CPU.Build.0 = Release|Any CPU
		{40AD04C0-3C0E-402D-9306-E0F60E37678F}.Debug|Any CPU.ActiveCfg = Debug|Any CPU
		{40AD04C0-3C0E-402D-9306-E0F60E37678F}.Debug|Any CPU.Build.0 = Debug|Any CPU
		{40AD04C0-3C0E-402D-9306-E0F60E37678F}.Release|Any CPU.ActiveCfg = Release|Any CPU
		{40AD04C0-3C0E-402D-9306-E0F60E37678F}.Release|Any CPU.Build.0 = Release|Any CPU
	EndGlobalSection
	GlobalSection(SolutionProperties) = preSolution
		HideSolutionNode = FALSE
	EndGlobalSection
EndGlobal
