
Microsoft Visual Studio Solution File, Format Version 12.00
# Visual Studio Version 16
VisualStudioVersion = 16.0.31410.357
MinimumVisualStudioVersion = 10.0.40219.1
Project("{9A19103F-16F7-4668-BE54-9A1E7A4F7556}") = "Transpire", "Transpire\Transpire.csproj", "{C138722B-0D2F-4857-89F9-DE7309E98433}"
EndProject
Project("{9A19103F-16F7-4668-BE54-9A1E7A4F7556}") = "Transpire.Tests", "Transpire.Tests\Transpire.Tests.csproj", "{56094223-17D0-403A-9078-163F2980A846}"
EndProject
Project("{2150E333-8FDC-42A3-9474-1A3956D46DE8}") = "Solution Items", "Solution Items", "{5B4E8E4D-3DC8-4AE5-9DFF-76BDD72ACBB2}"
	ProjectSection(SolutionItems) = preProject
		.editorconfig = .editorconfig
		Directory.Build.props = Directory.Build.props
	EndProjectSection
EndProject
Project("{9A19103F-16F7-4668-BE54-9A1E7A4F7556}") = "Transpire.Vsix", "Transpire.Vsix\Transpire.Vsix.csproj", "{0AD06289-7D25-4F9F-9E61-9922D8A532D9}"
EndProject
Project("{9A19103F-16F7-4668-BE54-9A1E7A4F7556}") = "Transpire.Vsix.Scenarios", "Transpire.Vsix.Scenarios\Transpire.Vsix.Scenarios.csproj", "{40AD04C0-3C0E-402D-9306-E0F60E37678F}"
EndProject
Project("{9A19103F-16F7-4668-BE54-9A1E7A4F7556}") = "Transpire.Tests.Performance", "Transpire.Tests.Performance\Transpire.Tests.Performance.csproj", "{ED4CE60E-7094-4CBB-AF3E-A2534D15BE16}"
EndProject
Global
	GlobalSection(SolutionConfigurationPlatforms) = preSolution
		Debug|Any CPU = Debug|Any CPU
		Release|Any CPU = Release|Any CPU
	EndGlobalSection
	GlobalSection(ProjectConfigurationPlatforms) = postSolution
		{C138722B-0D2F-4857-89F9-DE7309E98433}.Debug|Any CPU.ActiveCfg = Debug|Any CPU
		{C138722B-0D2F-4857-89F9-DE7309E98433}.Debug|Any CPU.Build.0 = Debug|Any CPU
		{C138722B-0D2F-4857-89F9-DE7309E98433}.Release|Any CPU.ActiveCfg = Release|Any CPU
		{C138722B-0D2F-4857-89F9-DE7309E98433}.Release|Any CPU.Build.0 = Release|Any CPU
		{56094223-17D0-403A-9078-163F2980A846}.Debug|Any CPU.ActiveCfg = Debug|Any CPU
		{56094223-17D0-403A-9078-163F2980A846}.Debug|Any CPU.Build.0 = Debug|Any CPU
		{56094223-17D0-403A-9078-163F2980A846}.Release|Any CPU.ActiveCfg = Release|Any CPU
		{56094223-17D0-403A-9078-163F2980A846}.Release|Any CPU.Build.0 = Release|Any CPU
		{0AD06289-7D25-4F9F-9E61-9922D8A532D9}.Debug|Any CPU.ActiveCfg = Debug|Any CPU
		{0AD06289-7D25-4F9F-9E61-9922D8A532D9}.Debug|Any CPU.Build.0 = Debug|Any CPU
		{0AD06289-7D25-4F9F-9E61-9922D8A532D9}.Release|Any CPU.ActiveCfg = Release|Any CPU
		{0AD06289-7D25-4F9F-9E61-9922D8A532D9}.Release|Any CPU.Build.0 = Release|Any CPU
		{40AD04C0-3C0E-402D-9306-E0F60E37678F}.Debug|Any CPU.ActiveCfg = Debug|Any CPU
		{40AD04C0-3C0E-402D-9306-E0F60E37678F}.Debug|Any CPU.Build.0 = Debug|Any CPU
		{40AD04C0-3C0E-402D-9306-E0F60E37678F}.Release|Any CPU.ActiveCfg = Release|Any CPU
		{40AD04C0-3C0E-402D-9306-E0F60E37678F}.Release|Any CPU.Build.0 = Release|Any CPU
		{ED4CE60E-7094-4CBB-AF3E-A2534D15BE16}.Debug|Any CPU.ActiveCfg = Debug|Any CPU
		{ED4CE60E-7094-4CBB-AF3E-A2534D15BE16}.Debug|Any CPU.Build.0 = Debug|Any CPU
		{ED4CE60E-7094-4CBB-AF3E-A2534D15BE16}.Release|Any CPU.ActiveCfg = Release|Any CPU
		{ED4CE60E-7094-4CBB-AF3E-A2534D15BE16}.Release|Any CPU.Build.0 = Release|Any CPU
	EndGlobalSection
	GlobalSection(SolutionProperties) = preSolution
		HideSolutionNode = FALSE
	EndGlobalSection
	GlobalSection(ExtensibilityGlobals) = postSolution
		SolutionGuid = {4A2DA454-0526-4503-BDC2-F2CAAF671C5C}
	EndGlobalSection
EndGlobal
